
Microsoft Visual Studio Solution File, Format Version 12.00
# Visual Studio 15
VisualStudioVersion = 15.0.28307.168
MinimumVisualStudioVersion = 10.0.40219.1
Project("{9A19103F-16F7-4668-BE54-9A1E7A4F7556}") = "DRI.BasicDI.UnitTests", "DRI.BasicDI.UnitTests\DRI.BasicDI.UnitTests.csproj", "{3E54FA81-3B83-4078-953A-50D1AC952844}"
EndProject
Project("{FAE04EC0-301F-11D3-BF4B-00C04F79EFBC}") = "DRI.BasicDI", "DRI.BasicDI\DRI.BasicDI.csproj", "{396F4E3E-2FC6-4CF7-A85F-CD40EB393A09}"
EndProject
Project("{2150E333-8FDC-42A3-9474-1A3956D46DE8}") = "README", "README", "{58FE5B02-9B49-4BE7-B1B6-6A447CE157FC}"
	ProjectSection(SolutionItems) = preProject
		README.MD = README.MD
	EndProjectSection
EndProject
Global
	GlobalSection(SolutionConfigurationPlatforms) = preSolution
		Debug|Any CPU = Debug|Any CPU
		Release|Any CPU = Release|Any CPU
	EndGlobalSection
	GlobalSection(ProjectConfigurationPlatforms) = postSolution
		{3E54FA81-3B83-4078-953A-50D1AC952844}.Debug|Any CPU.ActiveCfg = Debug|Any CPU
		{3E54FA81-3B83-4078-953A-50D1AC952844}.Debug|Any CPU.Build.0 = Debug|Any CPU
		{3E54FA81-3B83-4078-953A-50D1AC952844}.Release|Any CPU.ActiveCfg = Release|Any CPU
		{3E54FA81-3B83-4078-953A-50D1AC952844}.Release|Any CPU.Build.0 = Release|Any CPU
		{396F4E3E-2FC6-4CF7-A85F-CD40EB393A09}.Debug|Any CPU.ActiveCfg = Debug|Any CPU
		{396F4E3E-2FC6-4CF7-A85F-CD40EB393A09}.Debug|Any CPU.Build.0 = Debug|Any CPU
		{396F4E3E-2FC6-4CF7-A85F-CD40EB393A09}.Release|Any CPU.ActiveCfg = Release|Any CPU
		{396F4E3E-2FC6-4CF7-A85F-CD40EB393A09}.Release|Any CPU.Build.0 = Release|Any CPU
	EndGlobalSection
	GlobalSection(SolutionProperties) = preSolution
		HideSolutionNode = FALSE
	EndGlobalSection
	GlobalSection(ExtensibilityGlobals) = postSolution
		SolutionGuid = {84437E2A-BBE6-4575-8205-D024F971BBF1}
	EndGlobalSection
EndGlobal
